<?xml version="1.0" encoding="utf-8"?>
<Project ToolsVersion="4.0" xmlns="http://schemas.microsoft.com/developer/msbuild/2003">
  <ItemGroup>
    <Filter Include="Resource Files">
      <UniqueIdentifier>{D9D6E242-F8AF-46E4-B9FD-80ECBC20BA3E}</UniqueIdentifier>
      <Extensions>qrc;*</Extensions>
      <ParseFiles>false</ParseFiles>
    </Filter>
    <Filter Include="Form Files">
      <UniqueIdentifier>{99349809-55BA-4b9d-BF79-8FDBB0286EB3}</UniqueIdentifier>
      <Extensions>ui</Extensions>
    </Filter>
    <Filter Include="Resource Files">
      <UniqueIdentifier>{D9D6E242-F8AF-46E4-B9FD-80ECBC20BA3E}</UniqueIdentifier>
      <Extensions>qrc;*</Extensions>
      <ParseFiles>false</ParseFiles>
    </Filter>
    <Filter Include="Generated Files">
      <UniqueIdentifier>{71ED8ED8-ACB9-4CE9-BBE1-E00B30144E11}</UniqueIdentifier>
      <Extensions>moc;h;cpp</Extensions>
      <SourceControlFiles>False</SourceControlFiles>
    </Filter>
    <Filter Include="Image">
      <UniqueIdentifier>{b2d43586-8f34-42b6-9770-921acdaa1252}</UniqueIdentifier>
    </Filter>
    <Filter Include="Widget">
      <UniqueIdentifier>{ee804911-d224-4d71-835f-e96109af1fcf}</UniqueIdentifier>
    </Filter>
    <Filter Include="Frame">
      <UniqueIdentifier>{4FC737F1-C7A5-4376-A066-2A32D752A2FF}</UniqueIdentifier>
      <Extensions>cpp;c;cc;cxx;def;odl;idl;hpj;bat;asm;asmx</Extensions>
    </Filter>
    <Filter Include="Dialog">
      <UniqueIdentifier>{471c20c2-604d-468e-af23-47c1a0e837da}</UniqueIdentifier>
    </Filter>
  </ItemGroup>
  <ItemGroup>
    <ClCompile Include="main.cpp">
      <Filter>Frame</Filter>
    </ClCompile>
    <ClCompile Include="Image\BaseImage.cpp">
      <Filter>Image</Filter>
    </ClCompile>
    <ClCompile Include="Image\GeneralImage.cpp">
      <Filter>Image</Filter>
    </ClCompile>
    <ClCompile Include="Image\ScanImage.cpp">
      <Filter>Image</Filter>
    </ClCompile>
    <ClCompile Include="Document.cpp">
      <Filter>Frame</Filter>
    </ClCompile>
    <ClCompile Include="GlobalFunc.cpp">
      <Filter>Frame</Filter>
    </ClCompile>
    <ClCompile Include="View.cpp">
      <Filter>Frame</Filter>
    </ClCompile>
    <ClCompile Include="mainwindow.cpp">
      <Filter>Frame</Filter>
    </ClCompile>
    <ClCompile Include="Image\BaseProcessor.cpp">
      <Filter>Image</Filter>
    </ClCompile>
    <ClCompile Include="Widget\CommonWidget.cpp">
      <Filter>Widget</Filter>
    </ClCompile>
    <ClCompile Include="Widget\CommonProcessor.cpp">
      <Filter>Widget</Filter>
    </ClCompile>
    <ClCompile Include="Widget\WidgetManager.cpp">
      <Filter>Widget</Filter>
    </ClCompile>
    <ClCompile Include="Widget\BaseWidget.cpp">
      <Filter>Widget</Filter>
    </ClCompile>
    <ClCompile Include="Widget\CurveSquare.cpp">
      <Filter>Widget</Filter>
    </ClCompile>
    <ClCompile Include="Widget\Peg.cpp">
      <Filter>Widget</Filter>
    </ClCompile>
    <ClCompile Include="Widget\CurvesWidget.cpp">
      <Filter>Widget</Filter>
    </ClCompile>
    <ClCompile Include="Widget\LevelsWidget.cpp">
      <Filter>Widget</Filter>
    </ClCompile>
    <ClCompile Include="Widget\CurvesProcessor.cpp">
      <Filter>Widget</Filter>
    </ClCompile>
    <ClCompile Include="Widget\LevelsProcessor.cpp">
      <Filter>Widget</Filter>
    </ClCompile>
    <ClCompile Include="Widget\HistogramWidget.cpp">
      <Filter>Widget</Filter>
    </ClCompile>
    <ClCompile Include="Widget\HistogramProcessor.cpp">
      <Filter>Widget</Filter>
    </ClCompile>
    <ClCompile Include="Dialog\RawParameter.cpp">
      <Filter>Dialog</Filter>
    </ClCompile>
  </ItemGroup>
  <ItemGroup>
    <QtMoc Include="View.h">
      <Filter>Frame</Filter>
    </QtMoc>
    <QtMoc Include="Widget\CommonWidget.h">
      <Filter>Widget</Filter>
    </QtMoc>
    <QtMoc Include="Widget\BaseWidget.h">
      <Filter>Widget</Filter>
    </QtMoc>
    <QtMoc Include="Widget\CurveSquare.h">
      <Filter>Widget</Filter>
    </QtMoc>
    <QtMoc Include="Widget\CurvesWidget.h">
      <Filter>Widget</Filter>
    </QtMoc>
    <QtMoc Include="Widget\LevelsWidget.h">
      <Filter>Widget</Filter>
    </QtMoc>
    <QtMoc Include="Widget\HistogramWidget.h">
      <Filter>Widget</Filter>
    </QtMoc>
    <QtMoc Include="mainwindow.h">
      <Filter>Frame</Filter>
    </QtMoc>
    <QtMoc Include="Dialog\RawParameter.h">
      <Filter>Dialog</Filter>
    </QtMoc>
  </ItemGroup>
  <ItemGroup>
    <QtUic Include="ImageQt5.ui">
      <Filter>Form Files</Filter>
    </QtUic>
  </ItemGroup>
  <ItemGroup>
    <QtRcc Include="ImageQt5.qrc">
      <Filter>Resource Files</Filter>
    </QtRcc>
  </ItemGroup>
  <ItemGroup>
    <ResourceCompile Include="ImageQt5.rc" />
  </ItemGroup>
  <ItemGroup>
    <ClInclude Include="Image\BaseImage.h">
      <Filter>Image</Filter>
    </ClInclude>
    <ClInclude Include="Image\GeneralImage.h">
      <Filter>Image</Filter>
    </ClInclude>
    <ClInclude Include="Image\ScanImage.h">
      <Filter>Image</Filter>
    </ClInclude>
    <ClInclude Include="Image\TemplateImage.h">
      <Filter>Image</Filter>
    </ClInclude>
    <ClInclude Include="Document.h">
      <Filter>Frame</Filter>
    </ClInclude>
    <ClInclude Include="GlobalFunc.h">
      <Filter>Frame</Filter>
    </ClInclude>
    <ClInclude Include="Image\BaseProcessor.h">
      <Filter>Image</Filter>
    </ClInclude>
    <ClInclude Include="Widget\CommonProcessor.h">
      <Filter>Widget</Filter>
    </ClInclude>
    <ClInclude Include="Image\Dataheader.h">
      <Filter>Image</Filter>
    </ClInclude>
    <ClInclude Include="Widget\WidgetManager.h">
      <Filter>Widget</Filter>
    </ClInclude>
    <ClInclude Include="Widget\Peg.h">
      <Filter>Widget</Filter>
    </ClInclude>
    <ClInclude Include="Widget\CurvesProcessor.h">
      <Filter>Widget</Filter>
    </ClInclude>
    <ClInclude Include="Widget\LevelsProcessor.h">
      <Filter>Widget</Filter>
    </ClInclude>
    <ClInclude Include="Widget\HistogramProcessor.h">
      <Filter>Widget</Filter>
    </ClInclude>
  </ItemGroup>
</Project>